
Microsoft Visual Studio Solution File, Format Version 12.00
Project("{FAE04EC0-301F-11D3-BF4B-00C04F79EFBC}") = "DotNet7", "DotNet7\DotNet7.csproj", "{A3C4466E-7B86-4D1A-ACDC-A30ABE3CB677}"
EndProject
Project("{FAE04EC0-301F-11D3-BF4B-00C04F79EFBC}") = "DotNet7WebAPI", "DotNet7WebAPI\DotNet7WebAPI.csproj", "{1F13BB17-9751-4DF0-8D97-CD129EDDEC65}"
EndProject
Global
	GlobalSection(SolutionConfigurationPlatforms) = preSolution
		Debug|Any CPU = Debug|Any CPU
		Release|Any CPU = Release|Any CPU
	EndGlobalSection
	GlobalSection(ProjectConfigurationPlatforms) = postSolution
		{A3C4466E-7B86-4D1A-ACDC-A30ABE3CB677}.Debug|Any CPU.ActiveCfg = Debug|Any CPU
		{A3C4466E-7B86-4D1A-ACDC-A30ABE3CB677}.Debug|Any CPU.Build.0 = Debug|Any CPU
		{A3C4466E-7B86-4D1A-ACDC-A30ABE3CB677}.Release|Any CPU.ActiveCfg = Release|Any CPU
		{A3C4466E-7B86-4D1A-ACDC-A30ABE3CB677}.Release|Any CPU.Build.0 = Release|Any CPU
		{1F13BB17-9751-4DF0-8D97-CD129EDDEC65}.Debug|Any CPU.ActiveCfg = Debug|Any CPU
		{1F13BB17-9751-4DF0-8D97-CD129EDDEC65}.Debug|Any CPU.Build.0 = Debug|Any CPU
		{1F13BB17-9751-4DF0-8D97-CD129EDDEC65}.Release|Any CPU.ActiveCfg = Release|Any CPU
		{1F13BB17-9751-4DF0-8D97-CD129EDDEC65}.Release|Any CPU.Build.0 = Release|Any CPU
	EndGlobalSection
EndGlobal
